
Microsoft Visual Studio Solution File, Format Version 12.00
# Visual Studio 15
VisualStudioVersion = 15.0.27130.2026
MinimumVisualStudioVersion = 10.0.40219.1
Project("{FAE04EC0-301F-11D3-BF4B-00C04F79EFBC}") = "PSXDiscReader", "PSXDiscReader\PSXDiscReader.csproj", "{F5B53D92-7E08-4116-90C3-916DD49F26C7}"
EndProject
Project("{FAE04EC0-301F-11D3-BF4B-00C04F79EFBC}") = "SampleApp", "SampleApp\SampleApp.csproj", "{163704B2-B6A6-416D-8C1E-9ACFFE42AE66}"
EndProject
Global
	GlobalSection(SolutionConfigurationPlatforms) = preSolution
		Debug|Any CPU = Debug|Any CPU
		Debug|x64 = Debug|x64
		Debug|x86 = Debug|x86
		Release|Any CPU = Release|Any CPU
		Release|x64 = Release|x64
		Release|x86 = Release|x86
	EndGlobalSection
	GlobalSection(ProjectConfigurationPlatforms) = postSolution
		{F5B53D92-7E08-4116-90C3-916DD49F26C7}.Debug|Any CPU.ActiveCfg = Debug|Any CPU
		{F5B53D92-7E08-4116-90C3-916DD49F26C7}.Debug|Any CPU.Build.0 = Debug|Any CPU
		{F5B53D92-7E08-4116-90C3-916DD49F26C7}.Debug|x64.ActiveCfg = Debug|Any CPU
		{F5B53D92-7E08-4116-90C3-916DD49F26C7}.Debug|x64.Build.0 = Debug|Any CPU
		{F5B53D92-7E08-4116-90C3-916DD49F26C7}.Debug|x86.ActiveCfg = Debug|Any CPU
		{F5B53D92-7E08-4116-90C3-916DD49F26C7}.Debug|x86.Build.0 = Debug|Any CPU
		{F5B53D92-7E08-4116-90C3-916DD49F26C7}.Release|Any CPU.ActiveCfg = Release|Any CPU
		{F5B53D92-7E08-4116-90C3-916DD49F26C7}.Release|Any CPU.Build.0 = Release|Any CPU
		{F5B53D92-7E08-4116-90C3-916DD49F26C7}.Release|x64.ActiveCfg = Release|Any CPU
		{F5B53D92-7E08-4116-90C3-916DD49F26C7}.Release|x64.Build.0 = Release|Any CPU
		{F5B53D92-7E08-4116-90C3-916DD49F26C7}.Release|x86.ActiveCfg = Release|Any CPU
		{F5B53D92-7E08-4116-90C3-916DD49F26C7}.Release|x86.Build.0 = Release|Any CPU
		{163704B2-B6A6-416D-8C1E-9ACFFE42AE66}.Debug|Any CPU.ActiveCfg = Debug|Any CPU
		{163704B2-B6A6-416D-8C1E-9ACFFE42AE66}.Debug|Any CPU.Build.0 = Debug|Any CPU
		{163704B2-B6A6-416D-8C1E-9ACFFE42AE66}.Debug|x64.ActiveCfg = Debug|Any CPU
		{163704B2-B6A6-416D-8C1E-9ACFFE42AE66}.Debug|x64.Build.0 = Debug|Any CPU
		{163704B2-B6A6-416D-8C1E-9ACFFE42AE66}.Debug|x86.ActiveCfg = Debug|Any CPU
		{163704B2-B6A6-416D-8C1E-9ACFFE42AE66}.Debug|x86.Build.0 = Debug|Any CPU
		{163704B2-B6A6-416D-8C1E-9ACFFE42AE66}.Release|Any CPU.ActiveCfg = Release|Any CPU
		{163704B2-B6A6-416D-8C1E-9ACFFE42AE66}.Release|Any CPU.Build.0 = Release|Any CPU
		{163704B2-B6A6-416D-8C1E-9ACFFE42AE66}.Release|x64.ActiveCfg = Release|Any CPU
		{163704B2-B6A6-416D-8C1E-9ACFFE42AE66}.Release|x64.Build.0 = Release|Any CPU
		{163704B2-B6A6-416D-8C1E-9ACFFE42AE66}.Release|x86.ActiveCfg = Release|Any CPU
		{163704B2-B6A6-416D-8C1E-9ACFFE42AE66}.Release|x86.Build.0 = Release|Any CPU
	EndGlobalSection
	GlobalSection(SolutionProperties) = preSolution
		HideSolutionNode = FALSE
	EndGlobalSection
	GlobalSection(ExtensibilityGlobals) = postSolution
		SolutionGuid = {DAE35E8C-AAF6-4495-BA0E-D7490920794A}
	EndGlobalSection
EndGlobal
